
Microsoft Visual Studio Solution File, Format Version 12.00
# Visual Studio Version 17
VisualStudioVersion = 17.9.34723.18
MinimumVisualStudioVersion = 10.0.40219.1
Project("{54A90642-561A-4BB1-A94E-469ADEE60C69}") = "Client", "Client\Client.esproj", "{0E602D63-68C4-4ACA-BBD5-5E92005E6E92}"
EndProject
Project("{FAE04EC0-301F-11D3-BF4B-00C04F79EFBC}") = "WebApi", "WebApi\WebApi.csproj", "{DC56BAE6-07C3-422F-AC26-3B994047E40C}"
EndProject
Global
	GlobalSection(SolutionConfigurationPlatforms) = preSolution
		Debug|Any CPU = Debug|Any CPU
		Release|Any CPU = Release|Any CPU
	EndGlobalSection
	GlobalSection(ProjectConfigurationPlatforms) = postSolution
		{0E602D63-68C4-4ACA-BBD5-5E92005E6E92}.Debug|Any CPU.ActiveCfg = Debug|Any CPU
		{0E602D63-68C4-4ACA-BBD5-5E92005E6E92}.Debug|Any CPU.Build.0 = Debug|Any CPU
		{0E602D63-68C4-4ACA-BBD5-5E92005E6E92}.Debug|Any CPU.Deploy.0 = Debug|Any CPU
		{0E602D63-68C4-4ACA-BBD5-5E92005E6E92}.Release|Any CPU.ActiveCfg = Release|Any CPU
		{0E602D63-68C4-4ACA-BBD5-5E92005E6E92}.Release|Any CPU.Build.0 = Release|Any CPU
		{0E602D63-68C4-4ACA-BBD5-5E92005E6E92}.Release|Any CPU.Deploy.0 = Release|Any CPU
		{DC56BAE6-07C3-422F-AC26-3B994047E40C}.Debug|Any CPU.ActiveCfg = Debug|Any CPU
		{DC56BAE6-07C3-422F-AC26-3B994047E40C}.Debug|Any CPU.Build.0 = Debug|Any CPU
		{DC56BAE6-07C3-422F-AC26-3B994047E40C}.Release|Any CPU.ActiveCfg = Release|Any CPU
		{DC56BAE6-07C3-422F-AC26-3B994047E40C}.Release|Any CPU.Build.0 = Release|Any CPU
	EndGlobalSection
	GlobalSection(SolutionProperties) = preSolution
		HideSolutionNode = FALSE
	EndGlobalSection
	GlobalSection(ExtensibilityGlobals) = postSolution
		SolutionGuid = {8B39EB9F-54F0-4ABA-A6F5-6EE6BF97A1B4}
	EndGlobalSection
EndGlobal
